
Microsoft Visual Studio Solution File, Format Version 12.00
# Visual Studio Version 17
VisualStudioVersion = 17.8.34330.188
MinimumVisualStudioVersion = 10.0.40219.1
Project("{FAE04EC0-301F-11D3-BF4B-00C04F79EFBC}") = "17 - For 3.0", "17 - For 3.0\17 - For 3.0.csproj", "{444C8356-B1B7-4339-AC41-A157580C8A0D}"
EndProject
Global
	GlobalSection(SolutionConfigurationPlatforms) = preSolution
		Debug|Any CPU = Debug|Any CPU
		Release|Any CPU = Release|Any CPU
	EndGlobalSection
	GlobalSection(ProjectConfigurationPlatforms) = postSolution
		{444C8356-B1B7-4339-AC41-A157580C8A0D}.Debug|Any CPU.ActiveCfg = Debug|Any CPU
		{444C8356-B1B7-4339-AC41-A157580C8A0D}.Debug|Any CPU.Build.0 = Debug|Any CPU
		{444C8356-B1B7-4339-AC41-A157580C8A0D}.Release|Any CPU.ActiveCfg = Release|Any CPU
		{444C8356-B1B7-4339-AC41-A157580C8A0D}.Release|Any CPU.Build.0 = Release|Any CPU
	EndGlobalSection
	GlobalSection(SolutionProperties) = preSolution
		HideSolutionNode = FALSE
	EndGlobalSection
	GlobalSection(ExtensibilityGlobals) = postSolution
		SolutionGuid = {7FE04D0A-7357-448A-9638-2E47ADD0312B}
	EndGlobalSection
EndGlobal
